
Microsoft Visual Studio Solution File, Format Version 12.00
# Visual Studio Version 16
VisualStudioVersion = 16.0.30114.105
MinimumVisualStudioVersion = 10.0.40219.1
Project("{FAE04EC0-301F-11D3-BF4B-00C04F79EFBC}") = "CaWorkshop.WebUI", "CaWorkshop.WebUI\CaWorkshop.WebUI.csproj", "{D69E6801-4CE9-4B70-AFF4-DCFA40BFFEAB}"
EndProject
Project("{FAE04EC0-301F-11D3-BF4B-00C04F79EFBC}") = "CaWorkshop.Domain", "CaWorkshop.Domain\CaWorkshop.Domain.csproj", "{C2015EAC-6496-4B54-B9D8-9C28A0B8D9B9}"
EndProject
Project("{FAE04EC0-301F-11D3-BF4B-00C04F79EFBC}") = "CaWorkshop.Application", "CaWorkshop.Application\CaWorkshop.Application.csproj", "{A3F55424-BA2C-4A90-BDB4-1A6E908BED0E}"
EndProject
Project("{FAE04EC0-301F-11D3-BF4B-00C04F79EFBC}") = "CaWorkshop.Infrastructure", "CaWorkshop.Infrastructure\CaWorkshop.Infrastructure.csproj", "{7F6FAC2D-93A1-4E32-9A7D-B9C4F7A5EE48}"
EndProject
Project("{FAE04EC0-301F-11D3-BF4B-00C04F79EFBC}") = "CaWorkshop.Application.UnitTests", "CaWorkshop.Application.UnitTests\CaWorkshop.Application.UnitTests.csproj", "{9915B8A9-CC07-4DC1-8582-385A26003DF2}"
EndProject
Global
	GlobalSection(SolutionConfigurationPlatforms) = preSolution
		Debug|Any CPU = Debug|Any CPU
		Release|Any CPU = Release|Any CPU
	EndGlobalSection
	GlobalSection(SolutionProperties) = preSolution
		HideSolutionNode = FALSE
	EndGlobalSection
	GlobalSection(ProjectConfigurationPlatforms) = postSolution
		{D69E6801-4CE9-4B70-AFF4-DCFA40BFFEAB}.Debug|Any CPU.ActiveCfg = Debug|Any CPU
		{D69E6801-4CE9-4B70-AFF4-DCFA40BFFEAB}.Debug|Any CPU.Build.0 = Debug|Any CPU
		{D69E6801-4CE9-4B70-AFF4-DCFA40BFFEAB}.Release|Any CPU.ActiveCfg = Release|Any CPU
		{D69E6801-4CE9-4B70-AFF4-DCFA40BFFEAB}.Release|Any CPU.Build.0 = Release|Any CPU
		{C2015EAC-6496-4B54-B9D8-9C28A0B8D9B9}.Debug|Any CPU.ActiveCfg = Debug|Any CPU
		{C2015EAC-6496-4B54-B9D8-9C28A0B8D9B9}.Debug|Any CPU.Build.0 = Debug|Any CPU
		{C2015EAC-6496-4B54-B9D8-9C28A0B8D9B9}.Release|Any CPU.ActiveCfg = Release|Any CPU
		{C2015EAC-6496-4B54-B9D8-9C28A0B8D9B9}.Release|Any CPU.Build.0 = Release|Any CPU
		{A3F55424-BA2C-4A90-BDB4-1A6E908BED0E}.Debug|Any CPU.ActiveCfg = Debug|Any CPU
		{A3F55424-BA2C-4A90-BDB4-1A6E908BED0E}.Debug|Any CPU.Build.0 = Debug|Any CPU
		{A3F55424-BA2C-4A90-BDB4-1A6E908BED0E}.Release|Any CPU.ActiveCfg = Release|Any CPU
		{A3F55424-BA2C-4A90-BDB4-1A6E908BED0E}.Release|Any CPU.Build.0 = Release|Any CPU
		{7F6FAC2D-93A1-4E32-9A7D-B9C4F7A5EE48}.Debug|Any CPU.ActiveCfg = Debug|Any CPU
		{7F6FAC2D-93A1-4E32-9A7D-B9C4F7A5EE48}.Debug|Any CPU.Build.0 = Debug|Any CPU
		{7F6FAC2D-93A1-4E32-9A7D-B9C4F7A5EE48}.Release|Any CPU.ActiveCfg = Release|Any CPU
		{7F6FAC2D-93A1-4E32-9A7D-B9C4F7A5EE48}.Release|Any CPU.Build.0 = Release|Any CPU
		{9915B8A9-CC07-4DC1-8582-385A26003DF2}.Debug|Any CPU.ActiveCfg = Debug|Any CPU
		{9915B8A9-CC07-4DC1-8582-385A26003DF2}.Debug|Any CPU.Build.0 = Debug|Any CPU
		{9915B8A9-CC07-4DC1-8582-385A26003DF2}.Release|Any CPU.ActiveCfg = Release|Any CPU
		{9915B8A9-CC07-4DC1-8582-385A26003DF2}.Release|Any CPU.Build.0 = Release|Any CPU
	EndGlobalSection
EndGlobal
